{
    "version": 4,
    "terraform_version": "1.5.5",
    "serial": 9,
    "lineage": "f2200c86-bf70-225e-23c7-b5a97b72ddab",
    "outputs": {},
    "resources": [
      {
        "mode": "managed",
        "type": "aws_instance",
        "name": "ec2_instance",
        "provider": "provider[\"registry.terraform.io/hashicorp/aws\"]",
        "instances": [
          {
            "index_key": 0,
            "schema_version": 1,
            "attributes": {
              "ami": "ami-05ee09b16a3aaa2fd",
              "arn": "arn:aws:ec2:eu-central-1:993345996758:instance/i-0ff291b58e654d426",
              "associate_public_ip_address": true,
              "availability_zone": "eu-central-1a",
              "capacity_reservation_specification": [
                {
                  "capacity_reservation_preference": "open",
                  "capacity_reservation_target": []
                }
              ],
              "cpu_core_count": 1,
              "cpu_options": [
                {
                  "amd_sev_snp": "",
                  "core_count": 1,
                  "threads_per_core": 1
                }
              ],
              "cpu_threads_per_core": 1,
              "credit_specification": [
                {
                  "cpu_credits": "standard"
                }
              ],
              "disable_api_stop": false,
              "disable_api_termination": false,
              "ebs_block_device": [],
              "ebs_optimized": false,
              "enclave_options": [
                {
                  "enabled": false
                }
              ],
              "ephemeral_block_device": [],
              "get_password_data": false,
              "hibernation": false,
              "host_id": "",
              "host_resource_group_arn": null,
              "iam_instance_profile": "",
              "id": "i-0ff291b58e654d426",
              "instance_initiated_shutdown_behavior": "stop",
              "instance_lifecycle": "",
              "instance_market_options": [],
              "instance_state": "running",
              "instance_type": "t2.micro",
              "ipv6_address_count": 0,
              "ipv6_addresses": [],
              "key_name": "ansible-servers-key-pair",
              "launch_template": [],
              "maintenance_options": [
                {
                  "auto_recovery": "default"
                }
              ],
              "metadata_options": [
                {
                  "http_endpoint": "enabled",
                  "http_put_response_hop_limit": 1,
                  "http_tokens": "optional",
                  "instance_metadata_tags": "disabled"
                }
              ],
              "monitoring": false,
              "network_interface": [],
              "outpost_arn": "",
              "password_data": "",
              "placement_group": "",
              "placement_partition_number": 0,
              "primary_network_interface_id": "eni-08f1c9acadb82c94b",
              "private_dns": "ip-172-31-30-35.eu-central-1.compute.internal",
              "private_dns_name_options": [
                {
                  "enable_resource_name_dns_a_record": false,
                  "enable_resource_name_dns_aaaa_record": false,
                  "hostname_type": "ip-name"
                }
              ],
              "private_ip": "172.31.30.35",
              "public_dns": "ec2-3-123-4-246.eu-central-1.compute.amazonaws.com",
              "public_ip": "3.123.4.246",
              "root_block_device": [
                {
                  "delete_on_termination": true,
                  "device_name": "/dev/xvda",
                  "encrypted": false,
                  "iops": 3000,
                  "kms_key_id": "",
                  "tags": {},
                  "throughput": 125,
                  "volume_id": "vol-03a0e0fdbf26db739",
                  "volume_size": 8,
                  "volume_type": "gp3"
                }
              ],
              "secondary_private_ips": [],
              "security_groups": [
                "default"
              ],
              "source_dest_check": true,
              "spot_instance_request_id": "",
              "subnet_id": "subnet-0de3c1b59f1f0b43b",
              "tags": null,
              "tags_all": {},
              "tenancy": "default",
              "timeouts": null,
              "user_data": null,
              "user_data_base64": null,
              "user_data_replace_on_change": false,
              "volume_tags": null,
              "vpc_security_group_ids": [
                "sg-0f4de0d659b727691"
              ]
            },
            "sensitive_attributes": [],
            "private": "eyJlMmJmYjczMC1lY2FhLTExZTYtOGY4OC0zNDM2M2JjN2M0YzAiOnsiY3JlYXRlIjo2MDAwMDAwMDAwMDAsImRlbGV0ZSI6MTIwMDAwMDAwMDAwMCwidXBkYXRlIjo2MDAwMDAwMDAwMDB9LCJzY2hlbWFfdmVyc2lvbiI6IjEifQ=="
          },
          {
            "index_key": 1,
            "schema_version": 1,
            "attributes": {
              "ami": "ami-05ee09b16a3aaa2fd",
              "arn": "arn:aws:ec2:eu-central-1:993345996758:instance/i-080174f975aac45d4",
              "associate_public_ip_address": true,
              "availability_zone": "eu-central-1a",
              "capacity_reservation_specification": [
                {
                  "capacity_reservation_preference": "open",
                  "capacity_reservation_target": []
                }
              ],
              "cpu_core_count": 1,
              "cpu_options": [
                {
                  "amd_sev_snp": "",
                  "core_count": 1,
                  "threads_per_core": 1
                }
              ],
              "cpu_threads_per_core": 1,
              "credit_specification": [
                {
                  "cpu_credits": "standard"
                }
              ],
              "disable_api_stop": false,
              "disable_api_termination": false,
              "ebs_block_device": [],
              "ebs_optimized": false,
              "enclave_options": [
                {
                  "enabled": false
                }
              ],
              "ephemeral_block_device": [],
              "get_password_data": false,
              "hibernation": false,
              "host_id": "",
              "host_resource_group_arn": null,
              "iam_instance_profile": "",
              "id": "i-080174f975aac45d4",
              "instance_initiated_shutdown_behavior": "stop",
              "instance_lifecycle": "",
              "instance_market_options": [],
              "instance_state": "running",
              "instance_type": "t2.micro",
              "ipv6_address_count": 0,
              "ipv6_addresses": [],
              "key_name": "ansible-servers-key-pair",
              "launch_template": [],
              "maintenance_options": [
                {
                  "auto_recovery": "default"
                }
              ],
              "metadata_options": [
                {
                  "http_endpoint": "enabled",
                  "http_put_response_hop_limit": 1,
                  "http_tokens": "optional",
                  "instance_metadata_tags": "disabled"
                }
              ],
              "monitoring": false,
              "network_interface": [],
              "outpost_arn": "",
              "password_data": "",
              "placement_group": "",
              "placement_partition_number": 0,
              "primary_network_interface_id": "eni-072fca35a114546e4",
              "private_dns": "ip-172-31-18-230.eu-central-1.compute.internal",
              "private_dns_name_options": [
                {
                  "enable_resource_name_dns_a_record": false,
                  "enable_resource_name_dns_aaaa_record": false,
                  "hostname_type": "ip-name"
                }
              ],
              "private_ip": "172.31.18.230",
              "public_dns": "ec2-3-76-203-100.eu-central-1.compute.amazonaws.com",
              "public_ip": "3.76.203.100",
              "root_block_device": [
                {
                  "delete_on_termination": true,
                  "device_name": "/dev/xvda",
                  "encrypted": false,
                  "iops": 3000,
                  "kms_key_id": "",
                  "tags": {},
                  "throughput": 125,
                  "volume_id": "vol-0a89d109e20178adc",
                  "volume_size": 8,
                  "volume_type": "gp3"
                }
              ],
              "secondary_private_ips": [],
              "security_groups": [
                "default"
              ],
              "source_dest_check": true,
              "spot_instance_request_id": "",
              "subnet_id": "subnet-0de3c1b59f1f0b43b",
              "tags": null,
              "tags_all": {},
              "tenancy": "default",
              "timeouts": null,
              "user_data": null,
              "user_data_base64": null,
              "user_data_replace_on_change": false,
              "volume_tags": null,
              "vpc_security_group_ids": [
                "sg-0f4de0d659b727691"
              ]
            },
            "sensitive_attributes": [],
            "private": "eyJlMmJmYjczMC1lY2FhLTExZTYtOGY4OC0zNDM2M2JjN2M0YzAiOnsiY3JlYXRlIjo2MDAwMDAwMDAwMDAsImRlbGV0ZSI6MTIwMDAwMDAwMDAwMCwidXBkYXRlIjo2MDAwMDAwMDAwMDB9LCJzY2hlbWFfdmVyc2lvbiI6IjEifQ=="
          }
        ]
      }
    ],
    "check_results": null
  }
  